
Microsoft Visual Studio Solution File, Format Version 12.00
# Visual Studio 14
VisualStudioVersion = 14.0.25420.1
MinimumVisualStudioVersion = 10.0.40219.1
Project("{FAE04EC0-301F-11D3-BF4B-00C04F79EFBC}") = "AutoPrintr", "AutoPrintr\AutoPrintr.csproj", "{3033D48D-854E-4461-896E-001C5FEBC32C}"
EndProject
Project("{FAE04EC0-301F-11D3-BF4B-00C04F79EFBC}") = "AutoPrintr.Core", "AutoPrintr.Core\AutoPrintr.Core.csproj", "{66486E33-03C5-4205-9ADF-486FFBABC67D}"
EndProject
Global
	GlobalSection(SolutionConfigurationPlatforms) = preSolution
		Debug|Any CPU = Debug|Any CPU
		Release|Any CPU = Release|Any CPU
	EndGlobalSection
	GlobalSection(ProjectConfigurationPlatforms) = postSolution
		{3033D48D-854E-4461-896E-001C5FEBC32C}.Debug|Any CPU.ActiveCfg = Debug|Any CPU
		{3033D48D-854E-4461-896E-001C5FEBC32C}.Debug|Any CPU.Build.0 = Debug|Any CPU
		{3033D48D-854E-4461-896E-001C5FEBC32C}.Release|Any CPU.ActiveCfg = Release|Any CPU
		{3033D48D-854E-4461-896E-001C5FEBC32C}.Release|Any CPU.Build.0 = Release|Any CPU
		{66486E33-03C5-4205-9ADF-486FFBABC67D}.Debug|Any CPU.ActiveCfg = Debug|Any CPU
		{66486E33-03C5-4205-9ADF-486FFBABC67D}.Debug|Any CPU.Build.0 = Debug|Any CPU
		{66486E33-03C5-4205-9ADF-486FFBABC67D}.Release|Any CPU.ActiveCfg = Release|Any CPU
		{66486E33-03C5-4205-9ADF-486FFBABC67D}.Release|Any CPU.Build.0 = Release|Any CPU
	EndGlobalSection
	GlobalSection(SolutionProperties) = preSolution
		HideSolutionNode = FALSE
	EndGlobalSection
EndGlobal
